# THIS IS AN AUTOGENERATED FILE. DO NOT EDIT THIS FILE DIRECTLY.
# yarn lockfile v1


assertion-error@^1.0.1:
  version "1.1.0"
  resolved "https://registry.yarnpkg.com/assertion-error/-/assertion-error-1.1.0.tgz#e60b6b0e8f301bd97e5375215bda406c85118c0b"
  integrity sha512-jgsaNduz+ndvGyFt3uSuWqvy4lCnIJiovtouQN5JZHOKCS2QuhEdbcQHFhVksz2N2U9hXJo8odG7ETyWlEeuDw==

balanced-match@^1.0.0:
  version "1.0.0"
  resolved "https://registry.yarnpkg.com/balanced-match/-/balanced-match-1.0.0.tgz#89b4d199ab2bee49de164ea02b89ce462d71b767"
  integrity sha1-ibTRmasr7kneFk6gK4nORi1xt2c=

benchmark@^2.1.4:
  version "2.1.4"
  resolved "https://registry.yarnpkg.com/benchmark/-/benchmark-2.1.4.tgz#09f3de31c916425d498cc2ee565a0ebf3c2a5629"
  integrity sha1-CfPeMckWQl1JjMLuVloOvzwqVik=
  dependencies:
    lodash "^4.17.4"
    platform "^1.3.3"

brace-expansion@^1.1.7:
  version "1.1.11"
  resolved "https://registry.yarnpkg.com/brace-expansion/-/brace-expansion-1.1.11.tgz#3c7fcbf529d87226f3d2f52b966ff5271eb441dd"
  integrity sha512-iCuPHDFgrHX7H2vEI/5xpz07zSHB00TpugqhmYtVmMO6518mCuRMoOYFldEBl0g187ufozdaHgWKcYFb61qGiA==
  dependencies:
    balanced-match "^1.0.0"
    concat-map "0.0.1"

browser-stdout@1.3.0:
  version "1.3.0"
  resolved "https://registry.yarnpkg.com/browser-stdout/-/browser-stdout-1.3.0.tgz#f351d32969d32fa5d7a5567154263d928ae3bd1f"
  integrity sha1-81HTKWnTL6XXpVZxVCY9korjvR8=

browser-stdout@1.3.1:
  version "1.3.1"
  resolved "https://registry.yarnpkg.com/browser-stdout/-/browser-stdout-1.3.1.tgz#baa559ee14ced73452229bad7326467c61fabd60"
  integrity sha512-qhAVI1+Av2X7qelOfAIYwXONood6XlZE/fXaBSmW/T5SzLAmCgzi+eiWE7fUvbHaeNBQH13UftjpXxsfLkMpgw==

chai@^3.5.0:
  version "3.5.0"
  resolved "https://registry.yarnpkg.com/chai/-/chai-3.5.0.tgz#4d02637b067fe958bdbfdd3a40ec56fef7373247"
  integrity sha1-TQJjewZ/6Vi9v906QOxW/vc3Mkc=
  dependencies:
    assertion-error "^1.0.1"
    deep-eql "^0.1.3"
    type-detect "^1.0.0"

commander@2.15.1:
  version "2.15.1"
  resolved "https://registry.yarnpkg.com/commander/-/commander-2.15.1.tgz#df46e867d0fc2aec66a34662b406a9ccafff5b0f"
  integrity sha512-VlfT9F3V0v+jr4yxPc5gg9s62/fIVWsd2Bk2iD435um1NlGMYdVCq+MjcXnhYq2icNOizHr1kK+5TI6H0Hy0ag==

commander@2.9.0:
  version "2.9.0"
  resolved "https://registry.yarnpkg.com/commander/-/commander-2.9.0.tgz#9c99094176e12240cb22d6c5146098400fe0f7d4"
  integrity sha1-nJkJQXbhIkDLItbFFGCYQA/g99Q=
  dependencies:
    graceful-readlink ">= 1.0.0"

concat-map@0.0.1:
  version "0.0.1"
  resolved "https://registry.yarnpkg.com/concat-map/-/concat-map-0.0.1.tgz#d8a96bd77fd68df7793a73036a3ba0d5405d477b"
  integrity sha1-2Klr13/Wjfd5OnMDajug1UBdR3s=

debug@2.6.8:
  version "2.6.8"
  resolved "https://registry.yarnpkg.com/debug/-/debug-2.6.8.tgz#e731531ca2ede27d188222427da17821d68ff4fc"
  integrity sha1-5zFTHKLt4n0YgiJCfaF4IdaP9Pw=
  dependencies:
    ms "2.0.0"

debug@3.1.0:
  version "3.1.0"
  resolved "https://registry.yarnpkg.com/debug/-/debug-3.1.0.tgz#5bb5a0672628b64149566ba16819e61518c67261"
  integrity sha512-OX8XqP7/1a9cqkxYw2yXss15f26NKWBpDXQd0/uK/KPqdQhxbPa994hnzjcE2VqQpDslf55723cKPUOGSmMY3g==
  dependencies:
    ms "2.0.0"

deep-eql@^0.1.3:
  version "0.1.3"
  resolved "https://registry.yarnpkg.com/deep-eql/-/deep-eql-0.1.3.tgz#ef558acab8de25206cd713906d74e56930eb69f2"
  integrity sha1-71WKyrjeJSBs1xOQbXTlaTDrafI=
  dependencies:
    type-detect "0.1.1"

define-properties@^1.1.3:
  version "1.1.3"
  resolved "https://registry.yarnpkg.com/define-properties/-/define-properties-1.1.3.tgz#cf88da6cbee26fe6db7094f61d870cbd84cee9f1"
  integrity sha512-3MqfYKj2lLzdMSf8ZIZE/V+Zuy+BgD6f164e8K2w7dgnpKArBDerGYpM46IYYcjnkdPNMjPk9A6VFB8+3SKlXQ==
  dependencies:
    object-keys "^1.0.12"

diff@3.2.0:
  version "3.2.0"
  resolved "https://registry.yarnpkg.com/diff/-/diff-3.2.0.tgz#c9ce393a4b7cbd0b058a725c93df299027868ff9"
  integrity sha1-yc45Okt8vQsFinJck98pkCeGj/k=

diff@3.5.0:
  version "3.5.0"
  resolved "https://registry.yarnpkg.com/diff/-/diff-3.5.0.tgz#800c0dd1e0a8bfbc95835c202ad220fe317e5a12"
  integrity sha512-A46qtFgd+g7pDZinpnwiRJtxbC1hpgf0uzP3iG89scHk0AUC7A1TGxf5OiiOUv/JMZR8GOt8hL900hV0bOy5xA==

es-abstract@^1.12.0:
  version "1.16.0"
  resolved "https://registry.yarnpkg.com/es-abstract/-/es-abstract-1.16.0.tgz#d3a26dc9c3283ac9750dca569586e976d9dcc06d"
  integrity sha512-xdQnfykZ9JMEiasTAJZJdMWCQ1Vm00NBw79/AWi7ELfZuuPCSOMDZbT9mkOfSctVtfhb+sAAzrm+j//GjjLHLg==
  dependencies:
    es-to-primitive "^1.2.0"
    function-bind "^1.1.1"
    has "^1.0.3"
    has-symbols "^1.0.0"
    is-callable "^1.1.4"
    is-regex "^1.0.4"
    object-inspect "^1.6.0"
    object-keys "^1.1.1"
    string.prototype.trimleft "^2.1.0"
    string.prototype.trimright "^2.1.0"

es-to-primitive@^1.2.0:
  version "1.2.1"
  resolved "https://registry.yarnpkg.com/es-to-primitive/-/es-to-primitive-1.2.1.tgz#e55cd4c9cdc188bcefb03b366c736323fc5c898a"
  integrity sha512-QCOllgZJtaUo9miYBcLChTUaHNjJF3PYs1VidD7AwiEj1kYxKeQTctLAezAOH5ZKRH0g2IgPn6KwB4IT8iRpvA==
  dependencies:
    is-callable "^1.1.4"
    is-date-object "^1.0.1"
    is-symbol "^1.0.2"

escape-string-regexp@1.0.5:
  version "1.0.5"
  resolved "https://registry.yarnpkg.com/escape-string-regexp/-/escape-string-regexp-1.0.5.tgz#1b61c0562190a8dff6ae3bb2cf0200ca130b86d4"
  integrity sha1-G2HAViGQqN/2rjuyzwIAyhMLhtQ=

fast-memoize@^2.5.1:
  version "2.5.1"
  resolved "https://registry.yarnpkg.com/fast-memoize/-/fast-memoize-2.5.1.tgz#c3519241e80552ce395e1a32dcdde8d1fd680f5d"
  integrity sha512-xdmw296PCL01tMOXx9mdJSmWY29jQgxyuZdq0rEHMu+Tpe1eOEtCycoG6chzlcrWsNgpZP7oL8RiQr7+G6Bl6g==

formatio@1.1.1:
  version "1.1.1"
  resolved "https://registry.yarnpkg.com/formatio/-/formatio-1.1.1.tgz#5ed3ccd636551097383465d996199100e86161e9"
  integrity sha1-XtPM1jZVEJc4NGXZlhmRAOhhYek=
  dependencies:
    samsam "~1.1"

fs.realpath@^1.0.0:
  version "1.0.0"
  resolved "https://registry.yarnpkg.com/fs.realpath/-/fs.realpath-1.0.0.tgz#1504ad2523158caa40db4a2787cb01411994ea4f"
  integrity sha1-FQStJSMVjKpA20onh8sBQRmU6k8=

function-bind@^1.1.1:
  version "1.1.1"
  resolved "https://registry.yarnpkg.com/function-bind/-/function-bind-1.1.1.tgz#a56899d3ea3c9bab874bb9773b7c5ede92f4895d"
  integrity sha512-yIovAzMX49sF8Yl58fSCWJ5svSLuaibPxXQJFLmBObTuCr0Mf1KiPopGM9NiFjiYBCbfaa2Fh6breQ6ANVTI0A==

glob@7.1.1:
  version "7.1.1"
  resolved "https://registry.yarnpkg.com/glob/-/glob-7.1.1.tgz#805211df04faaf1c63a3600306cdf5ade50b2ec8"
  integrity sha1-gFIR3wT6rxxjo2ADBs31reULLsg=
  dependencies:
    fs.realpath "^1.0.0"
    inflight "^1.0.4"
    inherits "2"
    minimatch "^3.0.2"
    once "^1.3.0"
    path-is-absolute "^1.0.0"

glob@7.1.2:
  version "7.1.2"
  resolved "https://registry.yarnpkg.com/glob/-/glob-7.1.2.tgz#c19c9df9a028702d678612384a6552404c636d15"
  integrity sha512-MJTUg1kjuLeQCJ+ccE4Vpa6kKVXkPYJ2mOCQyUuKLcLQsdrMCpBPUi8qVE6+YuaJkozeA9NusTAw3hLr8Xe5EQ==
  dependencies:
    fs.realpath "^1.0.0"
    inflight "^1.0.4"
    inherits "2"
    minimatch "^3.0.4"
    once "^1.3.0"
    path-is-absolute "^1.0.0"

"graceful-readlink@>= 1.0.0":
  version "1.0.1"
  resolved "https://registry.yarnpkg.com/graceful-readlink/-/graceful-readlink-1.0.1.tgz#4cafad76bc62f02fa039b2f94e9a3dd3a391a725"
  integrity sha1-TK+tdrxi8C+gObL5Tpo906ORpyU=

growl@1.10.5:
  version "1.10.5"
  resolved "https://registry.yarnpkg.com/growl/-/growl-1.10.5.tgz#f2735dc2283674fa67478b10181059355c369e5e"
  integrity sha512-qBr4OuELkhPenW6goKVXiv47US3clb3/IbuWF9KNKEijAy9oeHxU9IgzjvJhHkUzhaj7rOUD7+YGWqUjLp5oSA==

growl@1.9.2:
  version "1.9.2"
  resolved "https://registry.yarnpkg.com/growl/-/growl-1.9.2.tgz#0ea7743715db8d8de2c5ede1775e1b45ac85c02f"
  integrity sha1-Dqd0NxXbjY3ixe3hd14bRayFwC8=

has-flag@^1.0.0:
  version "1.0.0"
  resolved "https://registry.yarnpkg.com/has-flag/-/has-flag-1.0.0.tgz#9d9e793165ce017a00f00418c43f942a7b1d11fa"
  integrity sha1-nZ55MWXOAXoA8AQYxD+UKnsdEfo=

has-flag@^3.0.0:
  version "3.0.0"
  resolved "https://registry.yarnpkg.com/has-flag/-/has-flag-3.0.0.tgz#b5d454dc2199ae225699f3467e5a07f3b955bafd"
  integrity sha1-tdRU3CGZriJWmfNGfloH87lVuv0=

has-symbols@^1.0.0, has-symbols@^1.0.1:
  version "1.0.1"
  resolved "https://registry.yarnpkg.com/has-symbols/-/has-symbols-1.0.1.tgz#9f5214758a44196c406d9bd76cebf81ec2dd31e8"
  integrity sha512-PLcsoqu++dmEIZB+6totNFKq/7Do+Z0u4oT0zKOJNl3lYK6vGwwu2hjHs+68OEZbTjiUE9bgOABXbP/GvrS0Kg==

has@^1.0.1, has@^1.0.3:
  version "1.0.3"
  resolved "https://registry.yarnpkg.com/has/-/has-1.0.3.tgz#722d7cbfc1f6aa8241f16dd814e011e1f41e8796"
  integrity sha512-f2dvO0VU6Oej7RkWJGrehjbzMAjFp5/VKPp5tTpWIV4JHHZK1/BxbFRtf/siA2SWTe09caDmVtYYzWEIbBS4zw==
  dependencies:
    function-bind "^1.1.1"

he@1.1.1:
  version "1.1.1"
  resolved "https://registry.yarnpkg.com/he/-/he-1.1.1.tgz#93410fd21b009735151f8868c2f271f3427e23fd"
  integrity sha1-k0EP0hsAlzUVH4howvJx80J+I/0=

inflight@^1.0.4:
  version "1.0.6"
  resolved "https://registry.yarnpkg.com/inflight/-/inflight-1.0.6.tgz#49bd6331d7d02d0c09bc910a1075ba8165b56df9"
  integrity sha1-Sb1jMdfQLQwJvJEKEHW6gWW1bfk=
  dependencies:
    once "^1.3.0"
    wrappy "1"

inherits@2, inherits@^2.0.3:
  version "2.0.4"
  resolved "https://registry.yarnpkg.com/inherits/-/inherits-2.0.4.tgz#0fa2c64f932917c3433a0ded55363aae37416b7c"
  integrity sha512-k/vGaX4/Yla3WzyMCvTQOXYeIHvqOKtnqBduzTHpzpQZzAskKMhZ2K+EnBiSM9zGSoIFeMpXKxa4dYeZIQqewQ==

is-arguments@^1.0.4:
  version "1.0.4"
  resolved "https://registry.yarnpkg.com/is-arguments/-/is-arguments-1.0.4.tgz#3faf966c7cba0ff437fb31f6250082fcf0448cf3"
  integrity sha512-xPh0Rmt8NE65sNzvyUmWgI1tz3mKq74lGA0mL8LYZcoIzKOzDh6HmrYm3d18k60nHerC8A9Km8kYu87zfSFnLA==

is-callable@^1.1.4:
  version "1.1.4"
  resolved "https://registry.yarnpkg.com/is-callable/-/is-callable-1.1.4.tgz#1e1adf219e1eeb684d691f9d6a05ff0d30a24d75"
  integrity sha512-r5p9sxJjYnArLjObpjA4xu5EKI3CuKHkJXMhT7kwbpUyIFD1n5PMAsoPvWnvtZiNz7LjkYDRZhd7FlI0eMijEA==

is-date-object@^1.0.1:
  version "1.0.1"
  resolved "https://registry.yarnpkg.com/is-date-object/-/is-date-object-1.0.1.tgz#9aa20eb6aeebbff77fbd33e74ca01b33581d3a16"
  integrity sha1-mqIOtq7rv/d/vTPnTKAbM1gdOhY=

is-generator-function@^1.0.7:
  version "1.0.7"
  resolved "https://registry.yarnpkg.com/is-generator-function/-/is-generator-function-1.0.7.tgz#d2132e529bb0000a7f80794d4bdf5cd5e5813522"
  integrity sha512-YZc5EwyO4f2kWCax7oegfuSr9mFz1ZvieNYBEjmukLxgXfBUbxAWGVF7GZf0zidYtoBl3WvC07YK0wT76a+Rtw==

is-regex@^1.0.4:
  version "1.0.4"
  resolved "https://registry.yarnpkg.com/is-regex/-/is-regex-1.0.4.tgz#5517489b547091b0930e095654ced25ee97e9491"
  integrity sha1-VRdIm1RwkbCTDglWVM7SXul+lJE=
  dependencies:
    has "^1.0.1"

is-symbol@^1.0.2:
  version "1.0.3"
  resolved "https://registry.yarnpkg.com/is-symbol/-/is-symbol-1.0.3.tgz#38e1014b9e6329be0de9d24a414fd7441ec61937"
  integrity sha512-OwijhaRSgqvhm/0ZdAcXNZt9lYdKFpcRDT5ULUuYXPoT794UNOdU+gpT6Rzo7b4V2HUl/op6GqY894AZwv9faQ==
  dependencies:
    has-symbols "^1.0.1"

json3@3.3.2:
  version "3.3.2"
  resolved "https://registry.yarnpkg.com/json3/-/json3-3.3.2.tgz#3c0434743df93e2f5c42aee7b19bcb483575f4e1"
  integrity sha1-PAQ0dD35Pi9cQq7nsZvLSDV19OE=

lodash._baseassign@^3.0.0:
  version "3.2.0"
  resolved "https://registry.yarnpkg.com/lodash._baseassign/-/lodash._baseassign-3.2.0.tgz#8c38a099500f215ad09e59f1722fd0c52bfe0a4e"
  integrity sha1-jDigmVAPIVrQnlnxci/QxSv+Ck4=
  dependencies:
    lodash._basecopy "^3.0.0"
    lodash.keys "^3.0.0"

lodash._basecopy@^3.0.0:
  version "3.0.1"
  resolved "https://registry.yarnpkg.com/lodash._basecopy/-/lodash._basecopy-3.0.1.tgz#8da0e6a876cf344c0ad8a54882111dd3c5c7ca36"
  integrity sha1-jaDmqHbPNEwK2KVIghEd08XHyjY=

lodash._basecreate@^3.0.0:
  version "3.0.3"
  resolved "https://registry.yarnpkg.com/lodash._basecreate/-/lodash._basecreate-3.0.3.tgz#1bc661614daa7fc311b7d03bf16806a0213cf821"
  integrity sha1-G8ZhYU2qf8MRt9A78WgGoCE8+CE=

lodash._getnative@^3.0.0:
  version "3.9.1"
  resolved "https://registry.yarnpkg.com/lodash._getnative/-/lodash._getnative-3.9.1.tgz#570bc7dede46d61cdcde687d65d3eecbaa3aaff5"
  integrity sha1-VwvH3t5G1hzc3mh9ZdPuy6o6r/U=

lodash._isiterateecall@^3.0.0:
  version "3.0.9"
  resolved "https://registry.yarnpkg.com/lodash._isiterateecall/-/lodash._isiterateecall-3.0.9.tgz#5203ad7ba425fae842460e696db9cf3e6aac057c"
  integrity sha1-UgOte6Ql+uhCRg5pbbnPPmqsBXw=

lodash.create@3.1.1:
  version "3.1.1"
  resolved "https://registry.yarnpkg.com/lodash.create/-/lodash.create-3.1.1.tgz#d7f2849f0dbda7e04682bb8cd72ab022461debe7"
  integrity sha1-1/KEnw29p+BGgruM1yqwIkYd6+c=
  dependencies:
    lodash._baseassign "^3.0.0"
    lodash._basecreate "^3.0.0"
    lodash._isiterateecall "^3.0.0"

lodash.isarguments@^3.0.0:
  version "3.1.0"
  resolved "https://registry.yarnpkg.com/lodash.isarguments/-/lodash.isarguments-3.1.0.tgz#2f573d85c6a24289ff00663b491c1d338ff3458a"
  integrity sha1-L1c9hcaiQon/AGY7SRwdM4/zRYo=

lodash.isarray@^3.0.0:
  version "3.0.4"
  resolved "https://registry.yarnpkg.com/lodash.isarray/-/lodash.isarray-3.0.4.tgz#79e4eb88c36a8122af86f844aa9bcd851b5fbb55"
  integrity sha1-eeTriMNqgSKvhvhEqpvNhRtfu1U=

lodash.keys@^3.0.0:
  version "3.1.2"
  resolved "https://registry.yarnpkg.com/lodash.keys/-/lodash.keys-3.1.2.tgz#4dbc0472b156be50a0b286855d1bd0b0c656098a"
  integrity sha1-TbwEcrFWvlCgsoaFXRvQsMZWCYo=
  dependencies:
    lodash._getnative "^3.0.0"
    lodash.isarguments "^3.0.0"
    lodash.isarray "^3.0.0"

lodash@^4.17.4:
  version "4.17.15"
  resolved "https://registry.yarnpkg.com/lodash/-/lodash-4.17.15.tgz#b447f6670a0455bbfeedd11392eff330ea097548"
  integrity sha512-8xOcRHvCjnocdS5cpwXQXVzmmh5e5+saE2QGoeQmbKmRS6J3VQppPOIt0MnmE+4xlZoumy0GPG0D0MVIQbNA1A==

lolex@1.3.2:
  version "1.3.2"
  resolved "https://registry.yarnpkg.com/lolex/-/lolex-1.3.2.tgz#7c3da62ffcb30f0f5a80a2566ca24e45d8a01f31"
  integrity sha1-fD2mL/yzDw9agKJWbKJORdigHzE=

memoize-one@^5.1.1:
  version "5.1.1"
  resolved "https://registry.yarnpkg.com/memoize-one/-/memoize-one-5.1.1.tgz#047b6e3199b508eaec03504de71229b8eb1d75c0"
  integrity sha512-HKeeBpWvqiVJD57ZUAsJNm71eHTykffzcLZVYWiVfQeI1rJtuEaS7hQiEpWfVVk18donPwJEcFKIkCmPJNOhHA==

memoize-weak@^1.0.2:
  version "1.0.2"
  resolved "https://registry.yarnpkg.com/memoize-weak/-/memoize-weak-1.0.2.tgz#d0015a4c7c6cff2263dbbb49db1dc206ebb94916"
  integrity sha1-0AFaTHxs/yJj27tJ2x3CBuu5SRY=

minimatch@3.0.4, minimatch@^3.0.2, minimatch@^3.0.4:
  version "3.0.4"
  resolved "https://registry.yarnpkg.com/minimatch/-/minimatch-3.0.4.tgz#5166e286457f03306064be5497e8dbb0c3d32083"
  integrity sha512-yJHVQEhyqPLUTgt9B83PXu6W3rx4MvvHvSUvToogpwoGDOUQ+yDrR0HRot+yOCdCO7u4hX3pWft6kWBBcqh0UA==
  dependencies:
    brace-expansion "^1.1.7"

minimist@0.0.8:
  version "0.0.8"
  resolved "https://registry.yarnpkg.com/minimist/-/minimist-0.0.8.tgz#857fcabfc3397d2625b8228262e86aa7a011b05d"
  integrity sha1-hX/Kv8M5fSYluCKCYuhqp6ARsF0=

mkdirp@0.5.1:
  version "0.5.1"
  resolved "https://registry.yarnpkg.com/mkdirp/-/mkdirp-0.5.1.tgz#30057438eac6cf7f8c4767f38648d6697d75c903"
  integrity sha1-MAV0OOrGz3+MR2fzhkjWaX11yQM=
  dependencies:
    minimist "0.0.8"

mocha-logger@^1.0.6:
  version "1.0.6"
  resolved "https://registry.yarnpkg.com/mocha-logger/-/mocha-logger-1.0.6.tgz#512217f3b4cd8be036154e655118c5160784154a"
  integrity sha512-D7Z3r1RkyaJOnlgokODdzt9p4ut0m3DVzEKp3r3tgeXIpdxp54z049Vc0EEh5hkhudfRN0dfUD10Fcj2WuOO3w==
  dependencies:
    mocha "^5.1.1"

mocha@^3.0.0:
  version "3.5.3"
  resolved "https://registry.yarnpkg.com/mocha/-/mocha-3.5.3.tgz#1e0480fe36d2da5858d1eb6acc38418b26eaa20d"
  integrity sha512-/6na001MJWEtYxHOV1WLfsmR4YIynkUEhBwzsb+fk2qmQ3iqsi258l/Q2MWHJMImAcNpZ8DEdYAK72NHoIQ9Eg==
  dependencies:
    browser-stdout "1.3.0"
    commander "2.9.0"
    debug "2.6.8"
    diff "3.2.0"
    escape-string-regexp "1.0.5"
    glob "7.1.1"
    growl "1.9.2"
    he "1.1.1"
    json3 "3.3.2"
    lodash.create "3.1.1"
    mkdirp "0.5.1"
    supports-color "3.1.2"

mocha@^5.1.1:
  version "5.2.0"
  resolved "https://registry.yarnpkg.com/mocha/-/mocha-5.2.0.tgz#6d8ae508f59167f940f2b5b3c4a612ae50c90ae6"
  integrity sha512-2IUgKDhc3J7Uug+FxMXuqIyYzH7gJjXECKe/w43IGgQHTSj3InJi+yAA7T24L9bQMRKiUEHxEX37G5JpVUGLcQ==
  dependencies:
    browser-stdout "1.3.1"
    commander "2.15.1"
    debug "3.1.0"
    diff "3.5.0"
    escape-string-regexp "1.0.5"
    glob "7.1.2"
    growl "1.10.5"
    he "1.1.1"
    minimatch "3.0.4"
    mkdirp "0.5.1"
    supports-color "5.4.0"

ms@2.0.0:
  version "2.0.0"
  resolved "https://registry.yarnpkg.com/ms/-/ms-2.0.0.tgz#5608aeadfc00be6c2901df5f9861788de0d597c8"
  integrity sha1-VgiurfwAvmwpAd9fmGF4jeDVl8g=

object-inspect@^1.6.0:
  version "1.7.0"
  resolved "https://registry.yarnpkg.com/object-inspect/-/object-inspect-1.7.0.tgz#f4f6bd181ad77f006b5ece60bd0b6f398ff74a67"
  integrity sha512-a7pEHdh1xKIAgTySUGgLMx/xwDZskN1Ud6egYYN3EdRW4ZMPNEDUTF+hwy2LUC+Bl+SyLXANnwz/jyh/qutKUw==

object-keys@^1.0.12, object-keys@^1.1.1:
  version "1.1.1"
  resolved "https://registry.yarnpkg.com/object-keys/-/object-keys-1.1.1.tgz#1c47f272df277f3b1daf061677d9c82e2322c60e"
  integrity sha512-NuAESUOUMrlIXOfHKzD6bpPu3tYt3xvjNdRIQ+FeT0lNb4K8WR70CaDxhuNguS2XG+GjkyMwOzsN5ZktImfhLA==

object.entries@^1.1.0:
  version "1.1.0"
  resolved "https://registry.yarnpkg.com/object.entries/-/object.entries-1.1.0.tgz#2024fc6d6ba246aee38bdb0ffd5cfbcf371b7519"
  integrity sha512-l+H6EQ8qzGRxbkHOd5I/aHRhHDKoQXQ8g0BYt4uSweQU1/J6dZUOyWh9a2Vky35YCKjzmgxOzta2hH6kf9HuXA==
  dependencies:
    define-properties "^1.1.3"
    es-abstract "^1.12.0"
    function-bind "^1.1.1"
    has "^1.0.3"

once@^1.3.0:
  version "1.4.0"
  resolved "https://registry.yarnpkg.com/once/-/once-1.4.0.tgz#583b1aa775961d4b113ac17d9c50baef9dd76bd1"
  integrity sha1-WDsap3WWHUsROsF9nFC6753Xa9E=
  dependencies:
    wrappy "1"

path-is-absolute@^1.0.0:
  version "1.0.1"
  resolved "https://registry.yarnpkg.com/path-is-absolute/-/path-is-absolute-1.0.1.tgz#174b9268735534ffbc7ace6bf53a5a9e1b5c5f5f"
  integrity sha1-F0uSaHNVNP+8es5r9TpanhtcX18=

platform@^1.3.3:
  version "1.3.5"
  resolved "https://registry.yarnpkg.com/platform/-/platform-1.3.5.tgz#fb6958c696e07e2918d2eeda0f0bc9448d733444"
  integrity sha512-TuvHS8AOIZNAlE77WUDiR4rySV/VMptyMfcfeoMgs4P8apaZM3JrnbzBiixKUv+XR6i+BXrQh8WAnjaSPFO65Q==

prettier@1.19.1:
  version "1.19.1"
  resolved "https://registry.yarnpkg.com/prettier/-/prettier-1.19.1.tgz#f7d7f5ff8a9cd872a7be4ca142095956a60797cb"
  integrity sha512-s7PoyDv/II1ObgQunCbB9PdLmUcBZcnWOcxDh7O0N/UwDEsHyqkW+Qh28jW+mVuCdx7gLB0BotYI1Y6uI9iyew==

safe-buffer@^5.1.2:
  version "5.2.0"
  resolved "https://registry.yarnpkg.com/safe-buffer/-/safe-buffer-5.2.0.tgz#b74daec49b1148f88c64b68d49b1e815c1f2f519"
  integrity sha512-fZEwUGbVl7kouZs1jCdMLdt95hdIv0ZeHg6L7qPeciMZhZ+/gdesW4wgTARkrFWEpspjEATAzUGPG8N2jJiwbg==

samsam@1.1.2:
  version "1.1.2"
  resolved "https://registry.yarnpkg.com/samsam/-/samsam-1.1.2.tgz#bec11fdc83a9fda063401210e40176c3024d1567"
  integrity sha1-vsEf3IOp/aBjQBIQ5AF2wwJNFWc=

samsam@~1.1:
  version "1.1.3"
  resolved "https://registry.yarnpkg.com/samsam/-/samsam-1.1.3.tgz#9f5087419b4d091f232571e7fa52e90b0f552621"
  integrity sha1-n1CHQZtNCR8jJXHn+lLpCw9VJiE=

sinon@^1.0.0:
  version "1.17.7"
  resolved "https://registry.yarnpkg.com/sinon/-/sinon-1.17.7.tgz#4542a4f49ba0c45c05eb2e9dd9d203e2b8efe0bf"
  integrity sha1-RUKk9JugxFwF6y6d2dID4rjv4L8=
  dependencies:
    formatio "1.1.1"
    lolex "1.3.2"
    samsam "1.1.2"
    util ">=0.10.3 <1"

string.prototype.trimleft@^2.1.0:
  version "2.1.0"
  resolved "https://registry.yarnpkg.com/string.prototype.trimleft/-/string.prototype.trimleft-2.1.0.tgz#6cc47f0d7eb8d62b0f3701611715a3954591d634"
  integrity sha512-FJ6b7EgdKxxbDxc79cOlok6Afd++TTs5szo+zJTUyow3ycrRfJVE2pq3vcN53XexvKZu/DJMDfeI/qMiZTrjTw==
  dependencies:
    define-properties "^1.1.3"
    function-bind "^1.1.1"

string.prototype.trimright@^2.1.0:
  version "2.1.0"
  resolved "https://registry.yarnpkg.com/string.prototype.trimright/-/string.prototype.trimright-2.1.0.tgz#669d164be9df9b6f7559fa8e89945b168a5a6c58"
  integrity sha512-fXZTSV55dNBwv16uw+hh5jkghxSnc5oHq+5K/gXgizHwAvMetdAJlHqqoFC1FSDVPYWLkAKl2cxpUT41sV7nSg==
  dependencies:
    define-properties "^1.1.3"
    function-bind "^1.1.1"

supports-color@3.1.2:
  version "3.1.2"
  resolved "https://registry.yarnpkg.com/supports-color/-/supports-color-3.1.2.tgz#72a262894d9d408b956ca05ff37b2ed8a6e2a2d5"
  integrity sha1-cqJiiU2dQIuVbKBf83su2KbiotU=
  dependencies:
    has-flag "^1.0.0"

supports-color@5.4.0:
  version "5.4.0"
  resolved "https://registry.yarnpkg.com/supports-color/-/supports-color-5.4.0.tgz#1c6b337402c2137605efe19f10fec390f6faab54"
  integrity sha512-zjaXglF5nnWpsq470jSv6P9DwPvgLkuapYmfDm3JWOm0vkNTVF2tI4UrN2r6jH1qM/uc/WtxYY1hYoA2dOKj5w==
  dependencies:
    has-flag "^3.0.0"

type-detect@0.1.1:
  version "0.1.1"
  resolved "https://registry.yarnpkg.com/type-detect/-/type-detect-0.1.1.tgz#0ba5ec2a885640e470ea4e8505971900dac58822"
  integrity sha1-C6XsKohWQORw6k6FBZcZANrFiCI=

type-detect@^1.0.0:
  version "1.0.0"
  resolved "https://registry.yarnpkg.com/type-detect/-/type-detect-1.0.0.tgz#762217cc06db258ec48908a1298e8b95121e8ea2"
  integrity sha1-diIXzAbbJY7EiQihKY6LlRIejqI=

"util@>=0.10.3 <1":
  version "0.12.1"
  resolved "https://registry.yarnpkg.com/util/-/util-0.12.1.tgz#f908e7b633e7396c764e694dd14e716256ce8ade"
  integrity sha512-MREAtYOp+GTt9/+kwf00IYoHZyjM8VU4aVrkzUlejyqaIjd2GztVl5V9hGXKlvBKE3gENn/FMfHE5v6hElXGcQ==
  dependencies:
    inherits "^2.0.3"
    is-arguments "^1.0.4"
    is-generator-function "^1.0.7"
    object.entries "^1.1.0"
    safe-buffer "^5.1.2"

wrappy@1:
  version "1.0.2"
  resolved "https://registry.yarnpkg.com/wrappy/-/wrappy-1.0.2.tgz#b5243d8f3ec1aa35f1364605bc0d1036e30ab69f"
  integrity sha1-tSQ9jz7BqjXxNkYFvA0QNuMKtp8=
